// !$*UTF8*$!
{
	archiveVersion = 1;
	classes = {
	};
	objectVersion = 46;
	objects = {

/* Begin PBXBuildFile section */
		3CE33B551CB84AB80096D6AA /* main.m in Sources */ = {isa = PBXBuildFile; fileRef = 3CE33B541CB84AB80096D6AA /* main.m */; };
		3CE33B581CB84AB80096D6AA /* AppDelegate.m in Sources */ = {isa = PBXBuildFile; fileRef = 3CE33B571CB84AB80096D6AA /* AppDelegate.m */; };
		3CE33B5B1CB84AB80096D6AA /* MasterViewController.m in Sources */ = {isa = PBXBuildFile; fileRef = 3CE33B5A1CB84AB80096D6AA /* MasterViewController.m */; };
		3CE33B5E1CB84AB80096D6AA /* DetailViewController.m in Sources */ = {isa = PBXBuildFile; fileRef = 3CE33B5D1CB84AB80096D6AA /* DetailViewController.m */; };
		3CE33B611CB84AB80096D6AA /* Main.storyboard in Resources */ = {isa = PBXBuildFile; fileRef = 3CE33B5F1CB84AB80096D6AA /* Main.storyboard */; };
		3CE33B631CB84AB80096D6AA /* Assets.xcassets in Resources */ = {isa = PBXBuildFile; fileRef = 3CE33B621CB84AB80096D6AA /* Assets.xcassets */; };
		3CE33B661CB84AB80096D6AA /* LaunchScreen.storyboard in Resources */ = {isa = PBXBuildFile; fileRef = 3CE33B641CB84AB80096D6AA /* LaunchScreen.storyboard */; };
		3CE33B711CB84C4B0096D6AA /* H264KeyframeLoader.m in Sources */ = {isa = PBXBuildFile; fileRef = 3CE33B701CB84C4B0096D6AA /* H264KeyframeLoader.m */; };
		3CE33B781CB8551E0096D6AA /* H264Decode.m in Sources */ = {isa = PBXBuildFile; fileRef = 3CE33B731CB8551E0096D6AA /* H264Decode.m */; };
		3CE33B791CB8551E0096D6AA /* H264FrameDecoder.m in Sources */ = {isa = PBXBuildFile; fileRef = 3CE33B751CB8551E0096D6AA /* H264FrameDecoder.m */; };
		3CE33B7A1CB8551E0096D6AA /* H264FrameEncoder.m in Sources */ = {isa = PBXBuildFile; fileRef = 3CE33B771CB8551E0096D6AA /* H264FrameEncoder.m */; };
		3CE33B7C1CB85E870096D6AA /* CarOverWhiteBG.m4v in Resources */ = {isa = PBXBuildFile; fileRef = 3CE33B7B1CB85E870096D6AA /* CarOverWhiteBG.m4v */; };
/* End PBXBuildFile section */

/* Begin PBXFileReference section */
		3CE33B501CB84AB80096D6AA /* H264SeamlessLooping.app */ = {isa = PBXFileReference; explicitFileType = wrapper.application; includeInIndex = 0; path = H264SeamlessLooping.app; sourceTree = BUILT_PRODUCTS_DIR; };
		3CE33B541CB84AB80096D6AA /* main.m */ = {isa = PBXFileReference; lastKnownFileType = sourcecode.c.objc; path = main.m; sourceTree = "<group>"; };
		3CE33B561CB84AB80096D6AA /* AppDelegate.h */ = {isa = PBXFileReference; lastKnownFileType = sourcecode.c.h; path = AppDelegate.h; sourceTree = "<group>"; };
		3CE33B571CB84AB80096D6AA /* AppDelegate.m */ = {isa = PBXFileReference; lastKnownFileType = sourcecode.c.objc; path = AppDelegate.m; sourceTree = "<group>"; };
		3CE33B591CB84AB80096D6AA /* MasterViewController.h */ = {isa = PBXFileReference; lastKnownFileType = sourcecode.c.h; path = MasterViewController.h; sourceTree = "<group>"; };
		3CE33B5A1CB84AB80096D6AA /* MasterViewController.m */ = {isa = PBXFileReference; lastKnownFileType = sourcecode.c.objc; path = MasterViewController.m; sourceTree = "<group>"; };
		3CE33B5C1CB84AB80096D6AA /* DetailViewController.h */ = {isa = PBXFileReference; lastKnownFileType = sourcecode.c.h; path = DetailViewController.h; sourceTree = "<group>"; };
		3CE33B5D1CB84AB80096D6AA /* DetailViewController.m */ = {isa = PBXFileReference; lastKnownFileType = sourcecode.c.objc; path = DetailViewController.m; sourceTree = "<group>"; };
		3CE33B601CB84AB80096D6AA /* Base */ = {isa = PBXFileReference; lastKnownFileType = file.storyboard; name = Base; path = Base.lproj/Main.storyboard; sourceTree = "<group>"; };
		3CE33B621CB84AB80096D6AA /* Assets.xcassets */ = {isa = PBXFileReference; lastKnownFileType = folder.assetcatalog; path = Assets.xcassets; sourceTree = "<group>"; };
		3CE33B651CB84AB80096D6AA /* Base */ = {isa = PBXFileReference; lastKnownFileType = file.storyboard; name = Base; path = Base.lproj/LaunchScreen.storyboard; sourceTree = "<group>"; };
		3CE33B671CB84AB80096D6AA /* Info.plist */ = {isa = PBXFileReference; lastKnownFileType = text.plist.xml; path = Info.plist; sourceTree = "<group>"; };
		3CE33B6F1CB84C4B0096D6AA /* H264KeyframeLoader.h */ = {isa = PBXFileReference; fileEncoding = 4; lastKnownFileType = sourcecode.c.h; path = H264KeyframeLoader.h; sourceTree = "<group>"; };
		3CE33B701CB84C4B0096D6AA /* H264KeyframeLoader.m */ = {isa = PBXFileReference; fileEncoding = 4; lastKnownFileType = sourcecode.c.objc; path = H264KeyframeLoader.m; sourceTree = "<group>"; };
		3CE33B721CB8551E0096D6AA /* H264Decode.h */ = {isa = PBXFileReference; fileEncoding = 4; lastKnownFileType = sourcecode.c.h; path = H264Decode.h; sourceTree = "<group>"; };
		3CE33B731CB8551E0096D6AA /* H264Decode.m */ = {isa = PBXFileReference; fileEncoding = 4; lastKnownFileType = sourcecode.c.objc; path = H264Decode.m; sourceTree = "<group>"; };
		3CE33B741CB8551E0096D6AA /* H264FrameDecoder.h */ = {isa = PBXFileReference; fileEncoding = 4; lastKnownFileType = sourcecode.c.h; path = H264FrameDecoder.h; sourceTree = "<group>"; };
		3CE33B751CB8551E0096D6AA /* H264FrameDecoder.m */ = {isa = PBXFileReference; fileEncoding = 4; lastKnownFileType = sourcecode.c.objc; path = H264FrameDecoder.m; sourceTree = "<group>"; };
		3CE33B761CB8551E0096D6AA /* H264FrameEncoder.h */ = {isa = PBXFileReference; fileEncoding = 4; lastKnownFileType = sourcecode.c.h; path = H264FrameEncoder.h; sourceTree = "<group>"; };
		3CE33B771CB8551E0096D6AA /* H264FrameEncoder.m */ = {isa = PBXFileReference; fileEncoding = 4; lastKnownFileType = sourcecode.c.objc; path = H264FrameEncoder.m; sourceTree = "<group>"; };
		3CE33B7B1CB85E870096D6AA /* CarOverWhiteBG.m4v */ = {isa = PBXFileReference; lastKnownFileType = file; path = CarOverWhiteBG.m4v; sourceTree = "<group>"; };
/* End PBXFileReference section */

/* Begin PBXFrameworksBuildPhase section */
		3CE33B4D1CB84AB80096D6AA /* Frameworks */ = {
			isa = PBXFrameworksBuildPhase;
			buildActionMask = 2147483647;
			files = (
			);
			runOnlyForDeploymentPostprocessing = 0;
		};
/* End PBXFrameworksBuildPhase section */

/* Begin PBXGroup section */
		3CE33B471CB84AB70096D6AA = {
			isa = PBXGroup;
			children = (
				3CE33B521CB84AB80096D6AA /* H264SeamlessLooping */,
				3CE33B511CB84AB80096D6AA /* Products */,
			);
			sourceTree = "<group>";
		};
		3CE33B511CB84AB80096D6AA /* Products */ = {
			isa = PBXGroup;
			children = (
				3CE33B501CB84AB80096D6AA /* H264SeamlessLooping.app */,
			);
			name = Products;
			sourceTree = "<group>";
		};
		3CE33B521CB84AB80096D6AA /* H264SeamlessLooping */ = {
			isa = PBXGroup;
			children = (
				3CE33B6F1CB84C4B0096D6AA /* H264KeyframeLoader.h */,
				3CE33B701CB84C4B0096D6AA /* H264KeyframeLoader.m */,
				3CE33B721CB8551E0096D6AA /* H264Decode.h */,
				3CE33B731CB8551E0096D6AA /* H264Decode.m */,
				3CE33B761CB8551E0096D6AA /* H264FrameEncoder.h */,
				3CE33B771CB8551E0096D6AA /* H264FrameEncoder.m */,
				3CE33B741CB8551E0096D6AA /* H264FrameDecoder.h */,
				3CE33B751CB8551E0096D6AA /* H264FrameDecoder.m */,
				3CE33B561CB84AB80096D6AA /* AppDelegate.h */,
				3CE33B571CB84AB80096D6AA /* AppDelegate.m */,
				3CE33B591CB84AB80096D6AA /* MasterViewController.h */,
				3CE33B5A1CB84AB80096D6AA /* MasterViewController.m */,
				3CE33B5C1CB84AB80096D6AA /* DetailViewController.h */,
				3CE33B5D1CB84AB80096D6AA /* DetailViewController.m */,
				3CE33B7B1CB85E870096D6AA /* CarOverWhiteBG.m4v */,
				3CE33B5F1CB84AB80096D6AA /* Main.storyboard */,
				3CE33B621CB84AB80096D6AA /* Assets.xcassets */,
				3CE33B641CB84AB80096D6AA /* LaunchScreen.storyboard */,
				3CE33B671CB84AB80096D6AA /* Info.plist */,
				3CE33B531CB84AB80096D6AA /* Supporting Files */,
			);
			path = H264SeamlessLooping;
			sourceTree = "<group>";
		};
		3CE33B531CB84AB80096D6AA /* Supporting Files */ = {
			isa = PBXGroup;
			children = (
				3CE33B541CB84AB80096D6AA /* main.m */,
			);
			name = "Supporting Files";
			sourceTree = "<group>";
		};
/* End PBXGroup section */

/* Begin PBXNativeTarget section */
		3CE33B4F1CB84AB80096D6AA /* H264SeamlessLooping */ = {
			isa = PBXNativeTarget;
			buildConfigurationList = 3CE33B6A1CB84AB80096D6AA /* Build configuration list for PBXNativeTarget "H264SeamlessLooping" */;
			buildPhases = (
				3CE33B4C1CB84AB80096D6AA /* Sources */,
				3CE33B4D1CB84AB80096D6AA /* Frameworks */,
				3CE33B4E1CB84AB80096D6AA /* Resources */,
			);
			buildRules = (
			);
			dependencies = (
			);
			name = H264SeamlessLooping;
			productName = H264SeamlessLooping;
			productReference = 3CE33B501CB84AB80096D6AA /* H264SeamlessLooping.app */;
			productType = "com.apple.product-type.application";
		};
/* End PBXNativeTarget section */

/* Begin PBXProject section */
		3CE33B481CB84AB80096D6AA /* Project object */ = {
			isa = PBXProject;
			attributes = {
				LastUpgradeCheck = 0730;
				ORGANIZATIONNAME = HelpURock;
				TargetAttributes = {
					3CE33B4F1CB84AB80096D6AA = {
						CreatedOnToolsVersion = 7.3;
					};
				};
			};
			buildConfigurationList = 3CE33B4B1CB84AB80096D6AA /* Build configuration list for PBXProject "H264SeamlessLooping" */;
			compatibilityVersion = "Xcode 3.2";
			developmentRegion = English;
			hasScannedForEncodings = 0;
			knownRegions = (
				en,
				Base,
			);
			mainGroup = 3CE33B471CB84AB70096D6AA;
			productRefGroup = 3CE33B511CB84AB80096D6AA /* Products */;
			projectDirPath = "";
			projectRoot = "";
			targets = (
				3CE33B4F1CB84AB80096D6AA /* H264SeamlessLooping */,
			);
		};
/* End PBXProject section */

/* Begin PBXResourcesBuildPhase section */
		3CE33B4E1CB84AB80096D6AA /* Resources */ = {
			isa = PBXResourcesBuildPhase;
			buildActionMask = 2147483647;
			files = (
				3CE33B661CB84AB80096D6AA /* LaunchScreen.storyboard in Resources */,
				3CE33B631CB84AB80096D6AA /* Assets.xcassets in Resources */,
				3CE33B611CB84AB80096D6AA /* Main.storyboard in Resources */,
				3CE33B7C1CB85E870096D6AA /* CarOverWhiteBG.m4v in Resources */,
			);
			runOnlyForDeploymentPostprocessing = 0;
		};
/* End PBXResourcesBuildPhase section */

/* Begin PBXSourcesBuildPhase section */
		3CE33B4C1CB84AB80096D6AA /* Sources */ = {
			isa = PBXSourcesBuildPhase;
			buildActionMask = 2147483647;
			files = (
				3CE33B791CB8551E0096D6AA /* H264FrameDecoder.m in Sources */,
				3CE33B711CB84C4B0096D6AA /* H264KeyframeLoader.m in Sources */,
				3CE33B581CB84AB80096D6AA /* AppDelegate.m in Sources */,
				3CE33B5B1CB84AB80096D6AA /* MasterViewController.m in Sources */,
				3CE33B7A1CB8551E0096D6AA /* H264FrameEncoder.m in Sources */,
				3CE33B551CB84AB80096D6AA /* main.m in Sources */,
				3CE33B5E1CB84AB80096D6AA /* DetailViewController.m in Sources */,
				3CE33B781CB8551E0096D6AA /* H264Decode.m in Sources */,
			);
			runOnlyForDeploymentPostprocessing = 0;
		};
/* End PBXSourcesBuildPhase section */

/* Begin PBXVariantGroup section */
		3CE33B5F1CB84AB80096D6AA /* Main.storyboard */ = {
			isa = PBXVariantGroup;
			children = (
				3CE33B601CB84AB80096D6AA /* Base */,
			);
			name = Main.storyboard;
			sourceTree = "<group>";
		};
		3CE33B641CB84AB80096D6AA /* LaunchScreen.storyboard */ = {
			isa = PBXVariantGroup;
			children = (
				3CE33B651CB84AB80096D6AA /* Base */,
			);
			name = LaunchScreen.storyboard;
			sourceTree = "<group>";
		};
/* End PBXVariantGroup section */

/* Begin XCBuildConfiguration section */
		3CE33B681CB84AB80096D6AA /* Debug */ = {
			isa = XCBuildConfiguration;
			buildSettings = {
				ALWAYS_SEARCH_USER_PATHS = NO;
				CLANG_ANALYZER_NONNULL = YES;
				CLANG_CXX_LANGUAGE_STANDARD = "gnu++0x";
				CLANG_CXX_LIBRARY = "libc++";
				CLANG_ENABLE_MODULES = YES;
				CLANG_ENABLE_OBJC_ARC = YES;
				CLANG_WARN_BOOL_CONVERSION = YES;
				CLANG_WARN_CONSTANT_CONVERSION = YES;
				CLANG_WARN_DIRECT_OBJC_ISA_USAGE = YES_ERROR;
				CLANG_WARN_EMPTY_BODY = YES;
				CLANG_WARN_ENUM_CONVERSION = YES;
				CLANG_WARN_INT_CONVERSION = YES;
				CLANG_WARN_OBJC_ROOT_CLASS = YES_ERROR;
				CLANG_WARN_UNREACHABLE_CODE = YES;
				CLANG_WARN__DUPLICATE_METHOD_MATCH = YES;
				"CODE_SIGN_IDENTITY[sdk=iphoneos*]" = "iPhone Developer";
				COPY_PHASE_STRIP = NO;
				DEBUG_INFORMATION_FORMAT = dwarf;
				ENABLE_STRICT_OBJC_MSGSEND = YES;
				ENABLE_TESTABILITY = YES;
				GCC_C_LANGUAGE_STANDARD = gnu99;
				GCC_DYNAMIC_NO_PIC = NO;
				GCC_NO_COMMON_BLOCKS = YES;
				GCC_OPTIMIZATION_LEVEL = 0;
				GCC_PREPROCESSOR_DEFINITIONS = (
					"DEBUG=1",
					"$(inherited)",
				);
				GCC_WARN_64_TO_32_BIT_CONVERSION = YES;
				GCC_WARN_ABOUT_RETURN_TYPE = YES_ERROR;
				GCC_WARN_UNDECLARED_SELECTOR = YES;
				GCC_WARN_UNINITIALIZED_AUTOS = YES_AGGRESSIVE;
				GCC_WARN_UNUSED_FUNCTION = YES;
				GCC_WARN_UNUSED_VARIABLE = YES;
				IPHONEOS_DEPLOYMENT_TARGET = 9.3;
				MTL_ENABLE_DEBUG_INFO = YES;
				ONLY_ACTIVE_ARCH = YES;
				SDKROOT = iphoneos;
				TARGETED_DEVICE_FAMILY = "1,2";
			};
			name = Debug;
		};
		3CE33B691CB84AB80096D6AA /* Release */ = {
			isa = XCBuildConfiguration;
			buildSettings = {
				ALWAYS_SEARCH_USER_PATHS = NO;
				CLANG_ANALYZER_NONNULL = YES;
				CLANG_CXX_LANGUAGE_STANDARD = "gnu++0x";
				CLANG_CXX_LIBRARY = "libc++";
				CLANG_ENABLE_MODULES = YES;
				CLANG_ENABLE_OBJC_ARC = YES;
				CLANG_WARN_BOOL_CONVERSION = YES;
				CLANG_WARN_CONSTANT_CONVERSION = YES;
				CLANG_WARN_DIRECT_OBJC_ISA_USAGE = YES_ERROR;
				CLANG_WARN_EMPTY_BODY = YES;
				CLANG_WARN_ENUM_CONVERSION = YES;
				CLANG_WARN_INT_CONVERSION = YES;
				CLANG_WARN_OBJC_ROOT_CLASS = YES_ERROR;
				CLANG_WARN_UNREACHABLE_CODE = YES;
				CLANG_WARN__DUPLICATE_METHOD_MATCH = YES;
				"CODE_SIGN_IDENTITY[sdk=iphoneos*]" = "iPhone Developer";
				COPY_PHASE_STRIP = NO;
				DEBUG_INFORMATION_FORMAT = "dwarf-with-dsym";
				ENABLE_NS_ASSERTIONS = NO;
				ENABLE_STRICT_OBJC_MSGSEND = YES;
				GCC_C_LANGUAGE_STANDARD = gnu99;
				GCC_NO_COMMON_BLOCKS = YES;
				GCC_WARN_64_TO_32_BIT_CONVERSION = YES;
				GCC_WARN_ABOUT_RETURN_TYPE = YES_ERROR;
				GCC_WARN_UNDECLARED_SELECTOR = YES;
				GCC_WARN_UNINITIALIZED_AUTOS = YES_AGGRESSIVE;
				GCC_WARN_UNUSED_FUNCTION = YES;
				GCC_WARN_UNUSED_VARIABLE = YES;
				IPHONEOS_DEPLOYMENT_TARGET = 9.3;
				MTL_ENABLE_DEBUG_INFO = NO;
				SDKROOT = iphoneos;
				TARGETED_DEVICE_FAMILY = "1,2";
				VALIDATE_PRODUCT = YES;
			};
			name = Release;
		};
		3CE33B6B1CB84AB80096D6AA /* Debug */ = {
			isa = XCBuildConfiguration;
			buildSettings = {
				ASSETCATALOG_COMPILER_APPICON_NAME = AppIcon;
				INFOPLIST_FILE = H264SeamlessLooping/Info.plist;
				IPHONEOS_DEPLOYMENT_TARGET = 8.0;
				LD_RUNPATH_SEARCH_PATHS = "$(inherited) @executable_path/Frameworks";
				PRODUCT_BUNDLE_IDENTIFIER = com.helpurock.H264SeamlessLooping;
				PRODUCT_NAME = "$(TARGET_NAME)";
			};
			name = Debug;
		};
		3CE33B6C1CB84AB80096D6AA /* Release */ = {
			isa = XCBuildConfiguration;
			buildSettings = {
				ASSETCATALOG_COMPILER_APPICON_NAME = AppIcon;
				INFOPLIST_FILE = H264SeamlessLooping/Info.plist;
				IPHONEOS_DEPLOYMENT_TARGET = 8.0;
				LD_RUNPATH_SEARCH_PATHS = "$(inherited) @executable_path/Frameworks";
				PRODUCT_BUNDLE_IDENTIFIER = com.helpurock.H264SeamlessLooping;
				PRODUCT_NAME = "$(TARGET_NAME)";
			};
			name = Release;
		};
/* End XCBuildConfiguration section */

/* Begin XCConfigurationList section */
		3CE33B4B1CB84AB80096D6AA /* Build configuration list for PBXProject "H264SeamlessLooping" */ = {
			isa = XCConfigurationList;
			buildConfigurations = (
				3CE33B681CB84AB80096D6AA /* Debug */,
				3CE33B691CB84AB80096D6AA /* Release */,
			);
			defaultConfigurationIsVisible = 0;
			defaultConfigurationName = Release;
		};
		3CE33B6A1CB84AB80096D6AA /* Build configuration list for PBXNativeTarget "H264SeamlessLooping" */ = {
			isa = XCConfigurationList;
			buildConfigurations = (
				3CE33B6B1CB84AB80096D6AA /* Debug */,
				3CE33B6C1CB84AB80096D6AA /* Release */,
			);
			defaultConfigurationIsVisible = 0;
			defaultConfigurationName = Release;
		};
/* End XCConfigurationList section */
	};
	rootObject = 3CE33B481CB84AB80096D6AA /* Project object */;
}
